lockfileVersion: '9.0'

settings:
  autoInstallPeers: true
  excludeLinksFromLockfile: false

importers:

  .:
    devDependencies:
      typescript:
        specifier: 5.9.3
        version: 5.9.3

  apps/admin:
    dependencies:
      '@bros/contracts':
        specifier: workspace:*
        version: link:../../packages/contracts

  apps/api:
    dependencies:
      '@bros/contracts':
        specifier: workspace:*
        version: link:../../packages/contracts
      '@bros/core':
        specifier: workspace:*
        version: link:../../packages/core
      '@bros/db':
        specifier: workspace:*
        version: link:../../packages/db
      '@bros/queue':
        specifier: workspace:*
        version: link:../../packages/queue

  apps/worker:
    dependencies:
      '@bros/browser':
        specifier: workspace:*
        version: link:../../packages/browser
      '@bros/core':
        specifier: workspace:*
        version: link:../../packages/core
      '@bros/db':
        specifier: workspace:*
        version: link:../../packages/db
      '@bros/image':
        specifier: workspace:*
        version: link:../../packages/image
      '@bros/queue':
        specifier: workspace:*
        version: link:../../packages/queue
      '@bros/storage':
        specifier: workspace:*
        version: link:../../packages/storage

  packages/browser:
    dependencies:
      '@bros/core':
        specifier: workspace:*
        version: link:../core

  packages/contracts: {}

  packages/core: {}

  packages/db:
    dependencies:
      '@bros/core':
        specifier: workspace:*
        version: link:../core

  packages/image:
    dependencies:
      '@bros/core':
        specifier: workspace:*
        version: link:../core
      '@bros/storage':
        specifier: workspace:*
        version: link:../storage

  packages/queue:
    dependencies:
      '@bros/core':
        specifier: workspace:*
        version: link:../core

  packages/storage:
    dependencies:
      '@bros/core':
        specifier: workspace:*
        version: link:../core

packages:

  typescript@5.9.3:
    resolution: {integrity: sha512-jl1vZzPDinLr9eUt3J/t7V6FgNEw9QjvBPdysz9KfQDD41fQrC2Y4vKQdiaUpFT4bXlb1RHhLpp8wtm6M5TgSw==}
    engines: {node: '>=14.17'}
    hasBin: true

snapshots:

  typescript@5.9.3: {}
